PODS:
  - alarm_calendar (0.0.5):
    - Flutter
  - Flutter (1.0.0)

DEPENDENCIES:
  - alarm_calendar (from `.symlinks/plugins/alarm_calendar/ios`)
  - Flutter (from `Flutter`)

EXTERNAL SOURCES:
  alarm_calendar:
    :path: ".symlinks/plugins/alarm_calendar/ios"
  Flutter:
    :path: Flutter

SPEC CHECKSUMS:
  alarm_calendar: 3deb03b6373714e199db21e059a0d00a0d3b7f4c
  Flutter: f04841e97a9d0b0a8025694d0796dd46242b2854

PODFILE CHECKSUM: 663715e941f9adb426e33bf9376914006f9ea95b

COCOAPODS: 1.12.1
